// !$*UTF8*$!
{
	archiveVersion = 1;
	classes = {
	};
	objectVersion = 56;
	objects = {

/* Begin PBXBuildFile section */
		1A6347602BA4D11400234EFC /* MangaVaultApp.swift in Sources */ = {isa = PBXBuildFile; fileRef = 1A63475F2BA4D11400234EFC /* MangaVaultApp.swift */; };
		1A6347642BA4D11700234EFC /* Assets.xcassets in Resources */ = {isa = PBXBuildFile; fileRef = 1A6347632BA4D11700234EFC /* Assets.xcassets */; };
		1A6347672BA4D11700234EFC /* Preview Assets.xcassets in Resources */ = {isa = PBXBuildFile; fileRef = 1A6347662BA4D11700234EFC /* Preview Assets.xcassets */; };
		1A6347722BA4D62B00234EFC /* URL.swift in Sources */ = {isa = PBXBuildFile; fileRef = 1A6347712BA4D62B00234EFC /* URL.swift */; };
		1A6347742BA4D64900234EFC /* URLRequest.swift in Sources */ = {isa = PBXBuildFile; fileRef = 1A6347732BA4D64900234EFC /* URLRequest.swift */; };
		1A6347762BA4D68500234EFC /* URLSession.swift in Sources */ = {isa = PBXBuildFile; fileRef = 1A6347752BA4D68500234EFC /* URLSession.swift */; };
		1A6347782BA4D6A200234EFC /* NetworkError.swift in Sources */ = {isa = PBXBuildFile; fileRef = 1A6347772BA4D6A200234EFC /* NetworkError.swift */; };
		1A63477A2BA4D6C400234EFC /* JSONDecoder.swift in Sources */ = {isa = PBXBuildFile; fileRef = 1A6347792BA4D6C400234EFC /* JSONDecoder.swift */; };
		1A63477D2BA4D6F200234EFC /* DateFormatter.swift in Sources */ = {isa = PBXBuildFile; fileRef = 1A63477C2BA4D6F200234EFC /* DateFormatter.swift */; };
		1A6347802BA4D7A800234EFC /* LoginInteractor.swift in Sources */ = {isa = PBXBuildFile; fileRef = 1A63477F2BA4D7A800234EFC /* LoginInteractor.swift */; };
		1A6347852BA4D99A00234EFC /* LoginViewModel.swift in Sources */ = {isa = PBXBuildFile; fileRef = 1A6347842BA4D99A00234EFC /* LoginViewModel.swift */; };
		1A6347872BA4DA8E00234EFC /* LoginMainView.swift in Sources */ = {isa = PBXBuildFile; fileRef = 1A6347862BA4DA8E00234EFC /* LoginMainView.swift */; };
		1A6347892BA4DB3300234EFC /* LoginView.swift in Sources */ = {isa = PBXBuildFile; fileRef = 1A6347882BA4DB3300234EFC /* LoginView.swift */; };
		1A63478B2BA4DB3B00234EFC /* RegisterView.swift in Sources */ = {isa = PBXBuildFile; fileRef = 1A63478A2BA4DB3B00234EFC /* RegisterView.swift */; };
		1A63478D2BA4DDFD00234EFC /* CustomTextField.swift in Sources */ = {isa = PBXBuildFile; fileRef = 1A63478C2BA4DDFD00234EFC /* CustomTextField.swift */; };
		1A6347912BA4E8C600234EFC /* KeychainManager.swift in Sources */ = {isa = PBXBuildFile; fileRef = 1A6347902BA4E8C600234EFC /* KeychainManager.swift */; };
		1A6347942BA5A86B00234EFC /* MyCollectionViewModel.swift in Sources */ = {isa = PBXBuildFile; fileRef = 1A6347932BA5A86B00234EFC /* MyCollectionViewModel.swift */; };
		1A6347962BA5A87500234EFC /* MyCollectionView.swift in Sources */ = {isa = PBXBuildFile; fileRef = 1A6347952BA5A87500234EFC /* MyCollectionView.swift */; };
		1A6347982BA5AF8000234EFC /* MyCollectionInteractor.swift in Sources */ = {isa = PBXBuildFile; fileRef = 1A6347972BA5AF8000234EFC /* MyCollectionInteractor.swift */; };
		1A63479A2BA76CBD00234EFC /* BiometricManager.swift in Sources */ = {isa = PBXBuildFile; fileRef = 1A6347992BA76CBD00234EFC /* BiometricManager.swift */; };
		1A63479C2BA7750800234EFC /* UserModel.swift in Sources */ = {isa = PBXBuildFile; fileRef = 1A63479B2BA7750800234EFC /* UserModel.swift */; };
		1A63479F2BA7794D00234EFC /* String.swift in Sources */ = {isa = PBXBuildFile; fileRef = 1A63479E2BA7794D00234EFC /* String.swift */; };
/* End PBXBuildFile section */

/* Begin PBXFileReference section */
		1A63475C2BA4D11400234EFC /* MangaVault.app */ = {isa = PBXFileReference; explicitFileType = wrapper.application; includeInIndex = 0; path = MangaVault.app; sourceTree = BUILT_PRODUCTS_DIR; };
		1A63475F2BA4D11400234EFC /* MangaVaultApp.swift */ = {isa = PBXFileReference; lastKnownFileType = sourcecode.swift; path = MangaVaultApp.swift; sourceTree = "<group>"; };
		1A6347632BA4D11700234EFC /* Assets.xcassets */ = {isa = PBXFileReference; lastKnownFileType = folder.assetcatalog; path = Assets.xcassets; sourceTree = "<group>"; };
		1A6347662BA4D11700234EFC /* Preview Assets.xcassets */ = {isa = PBXFileReference; lastKnownFileType = folder.assetcatalog; path = "Preview Assets.xcassets"; sourceTree = "<group>"; };
		1A6347712BA4D62B00234EFC /* URL.swift */ = {isa = PBXFileReference; lastKnownFileType = sourcecode.swift; path = URL.swift; sourceTree = "<group>"; };
		1A6347732BA4D64900234EFC /* URLRequest.swift */ = {isa = PBXFileReference; lastKnownFileType = sourcecode.swift; path = URLRequest.swift; sourceTree = "<group>"; };
		1A6347752BA4D68500234EFC /* URLSession.swift */ = {isa = PBXFileReference; lastKnownFileType = sourcecode.swift; path = URLSession.swift; sourceTree = "<group>"; };
		1A6347772BA4D6A200234EFC /* NetworkError.swift */ = {isa = PBXFileReference; lastKnownFileType = sourcecode.swift; path = NetworkError.swift; sourceTree = "<group>"; };
		1A6347792BA4D6C400234EFC /* JSONDecoder.swift */ = {isa = PBXFileReference; lastKnownFileType = sourcecode.swift; path = JSONDecoder.swift; sourceTree = "<group>"; };
		1A63477C2BA4D6F200234EFC /* DateFormatter.swift */ = {isa = PBXFileReference; lastKnownFileType = sourcecode.swift; path = DateFormatter.swift; sourceTree = "<group>"; };
		1A63477F2BA4D7A800234EFC /* LoginInteractor.swift */ = {isa = PBXFileReference; lastKnownFileType = sourcecode.swift; path = LoginInteractor.swift; sourceTree = "<group>"; };
		1A6347842BA4D99A00234EFC /* LoginViewModel.swift */ = {isa = PBXFileReference; lastKnownFileType = sourcecode.swift; path = LoginViewModel.swift; sourceTree = "<group>"; };
		1A6347862BA4DA8E00234EFC /* LoginMainView.swift */ = {isa = PBXFileReference; lastKnownFileType = sourcecode.swift; path = LoginMainView.swift; sourceTree = "<group>"; };
		1A6347882BA4DB3300234EFC /* LoginView.swift */ = {isa = PBXFileReference; lastKnownFileType = sourcecode.swift; path = LoginView.swift; sourceTree = "<group>"; };
		1A63478A2BA4DB3B00234EFC /* RegisterView.swift */ = {isa = PBXFileReference; lastKnownFileType = sourcecode.swift; path = RegisterView.swift; sourceTree = "<group>"; };
		1A63478C2BA4DDFD00234EFC /* CustomTextField.swift */ = {isa = PBXFileReference; lastKnownFileType = sourcecode.swift; path = CustomTextField.swift; sourceTree = "<group>"; };
		1A6347902BA4E8C600234EFC /* KeychainManager.swift */ = {isa = PBXFileReference; lastKnownFileType = sourcecode.swift; path = KeychainManager.swift; sourceTree = "<group>"; };
		1A6347932BA5A86B00234EFC /* MyCollectionViewModel.swift */ = {isa = PBXFileReference; lastKnownFileType = sourcecode.swift; path = MyCollectionViewModel.swift; sourceTree = "<group>"; };
		1A6347952BA5A87500234EFC /* MyCollectionView.swift */ = {isa = PBXFileReference; lastKnownFileType = sourcecode.swift; path = MyCollectionView.swift; sourceTree = "<group>"; };
		1A6347972BA5AF8000234EFC /* MyCollectionInteractor.swift */ = {isa = PBXFileReference; lastKnownFileType = sourcecode.swift; path = MyCollectionInteractor.swift; sourceTree = "<group>"; };
		1A6347992BA76CBD00234EFC /* BiometricManager.swift */ = {isa = PBXFileReference; lastKnownFileType = sourcecode.swift; path = BiometricManager.swift; sourceTree = "<group>"; };
		1A63479B2BA7750800234EFC /* UserModel.swift */ = {isa = PBXFileReference; lastKnownFileType = sourcecode.swift; path = UserModel.swift; sourceTree = "<group>"; };
		1A63479E2BA7794D00234EFC /* String.swift */ = {isa = PBXFileReference; lastKnownFileType = sourcecode.swift; path = String.swift; sourceTree = "<group>"; };
/* End PBXFileReference section */

/* Begin PBXFrameworksBuildPhase section */
		1A6347592BA4D11400234EFC /* Frameworks */ = {
			isa = PBXFrameworksBuildPhase;
			buildActionMask = 2147483647;
			files = (
			);
			runOnlyForDeploymentPostprocessing = 0;
		};
/* End PBXFrameworksBuildPhase section */

/* Begin PBXGroup section */
		1A6347532BA4D11400234EFC = {
			isa = PBXGroup;
			children = (
				1A63475E2BA4D11400234EFC /* MangaVault */,
				1A63475D2BA4D11400234EFC /* Products */,
			);
			sourceTree = "<group>";
		};
		1A63475D2BA4D11400234EFC /* Products */ = {
			isa = PBXGroup;
			children = (
				1A63475C2BA4D11400234EFC /* MangaVault.app */,
			);
			name = Products;
			sourceTree = "<group>";
		};
		1A63475E2BA4D11400234EFC /* MangaVault */ = {
			isa = PBXGroup;
			children = (
				1A63478F2BA4E8B800234EFC /* Managers */,
				1A63478E2BA4E3F300234EFC /* ViewComponents */,
				1A63477E2BA4D79500234EFC /* Interactor */,
				1A63477B2BA4D6E800234EFC /* Extension */,
				1A6347702BA4D61500234EFC /* Network */,
				1A63476D2BA4D4B600234EFC /* Core */,
				1A63476F2BA4D4D600234EFC /* Resources */,
				1A63476E2BA4D4C400234EFC /* System */,
				1A6347652BA4D11700234EFC /* Preview Content */,
			);
			path = MangaVault;
			sourceTree = "<group>";
		};
		1A6347652BA4D11700234EFC /* Preview Content */ = {
			isa = PBXGroup;
			children = (
				1A6347662BA4D11700234EFC /* Preview Assets.xcassets */,
			);
			path = "Preview Content";
			sourceTree = "<group>";
		};
		1A63476D2BA4D4B600234EFC /* Core */ = {
			isa = PBXGroup;
			children = (
				1A6347922BA5A85C00234EFC /* MyCollection */,
				1A6347812BA4D8AA00234EFC /* Login */,
			);
			name = Core;
			sourceTree = "<group>";
		};
		1A63476E2BA4D4C400234EFC /* System */ = {
			isa = PBXGroup;
			children = (
				1A63475F2BA4D11400234EFC /* MangaVaultApp.swift */,
			);
			name = System;
			sourceTree = "<group>";
		};
		1A63476F2BA4D4D600234EFC /* Resources */ = {
			isa = PBXGroup;
			children = (
				1A6347632BA4D11700234EFC /* Assets.xcassets */,
			);
			name = Resources;
			sourceTree = "<group>";
		};
		1A6347702BA4D61500234EFC /* Network */ = {
			isa = PBXGroup;
			children = (
				1A6347712BA4D62B00234EFC /* URL.swift */,
				1A6347732BA4D64900234EFC /* URLRequest.swift */,
				1A6347752BA4D68500234EFC /* URLSession.swift */,
				1A6347772BA4D6A200234EFC /* NetworkError.swift */,
				1A6347792BA4D6C400234EFC /* JSONDecoder.swift */,
			);
			name = Network;
			sourceTree = "<group>";
		};
		1A63477B2BA4D6E800234EFC /* Extension */ = {
			isa = PBXGroup;
			children = (
				1A63477C2BA4D6F200234EFC /* DateFormatter.swift */,
				1A63479E2BA7794D00234EFC /* String.swift */,
			);
			name = Extension;
			sourceTree = "<group>";
		};
		1A63477E2BA4D79500234EFC /* Interactor */ = {
			isa = PBXGroup;
			children = (
				1A63477F2BA4D7A800234EFC /* LoginInteractor.swift */,
				1A6347972BA5AF8000234EFC /* MyCollectionInteractor.swift */,
			);
			name = Interactor;
			sourceTree = "<group>";
		};
		1A6347812BA4D8AA00234EFC /* Login */ = {
			isa = PBXGroup;
			children = (
				1A6347822BA4D8B200234EFC /* View */,
				1A6347832BA4D8B900234EFC /* ViewModel */,
				1A63479D2BA7751400234EFC /* Model */,
			);
			name = Login;
			sourceTree = "<group>";
		};
		1A6347822BA4D8B200234EFC /* View */ = {
			isa = PBXGroup;
			children = (
				1A6347862BA4DA8E00234EFC /* LoginMainView.swift */,
				1A6347882BA4DB3300234EFC /* LoginView.swift */,
				1A63478A2BA4DB3B00234EFC /* RegisterView.swift */,
			);
			name = View;
			sourceTree = "<group>";
		};
		1A6347832BA4D8B900234EFC /* ViewModel */ = {
			isa = PBXGroup;
			children = (
				1A6347842BA4D99A00234EFC /* LoginViewModel.swift */,
			);
			name = ViewModel;
			sourceTree = "<group>";
		};
		1A63478E2BA4E3F300234EFC /* ViewComponents */ = {
			isa = PBXGroup;
			children = (
				1A63478C2BA4DDFD00234EFC /* CustomTextField.swift */,
			);
			name = ViewComponents;
			sourceTree = "<group>";
		};
		1A63478F2BA4E8B800234EFC /* Managers */ = {
			isa = PBXGroup;
			children = (
				1A6347902BA4E8C600234EFC /* KeychainManager.swift */,
				1A6347992BA76CBD00234EFC /* BiometricManager.swift */,
			);
			name = Managers;
			sourceTree = "<group>";
		};
		1A6347922BA5A85C00234EFC /* MyCollection */ = {
			isa = PBXGroup;
			children = (
				1A6347932BA5A86B00234EFC /* MyCollectionViewModel.swift */,
				1A6347952BA5A87500234EFC /* MyCollectionView.swift */,
			);
			name = MyCollection;
			sourceTree = "<group>";
		};
		1A63479D2BA7751400234EFC /* Model */ = {
			isa = PBXGroup;
			children = (
				1A63479B2BA7750800234EFC /* UserModel.swift */,
			);
			name = Model;
			sourceTree = "<group>";
		};
/* End PBXGroup section */

/* Begin PBXNativeTarget section */
		1A63475B2BA4D11400234EFC /* MangaVault */ = {
			isa = PBXNativeTarget;
			buildConfigurationList = 1A63476A2BA4D11700234EFC /* Build configuration list for PBXNativeTarget "MangaVault" */;
			buildPhases = (
				1A6347582BA4D11400234EFC /* Sources */,
				1A6347592BA4D11400234EFC /* Frameworks */,
				1A63475A2BA4D11400234EFC /* Resources */,
			);
			buildRules = (
			);
			dependencies = (
			);
			name = MangaVault;
			productName = MangaVault;
			productReference = 1A63475C2BA4D11400234EFC /* MangaVault.app */;
			productType = "com.apple.product-type.application";
		};
/* End PBXNativeTarget section */

/* Begin PBXProject section */
		1A6347542BA4D11400234EFC /* Project object */ = {
			isa = PBXProject;
			attributes = {
				BuildIndependentTargetsInParallel = 1;
				LastSwiftUpdateCheck = 1530;
				LastUpgradeCheck = 1530;
				TargetAttributes = {
					1A63475B2BA4D11400234EFC = {
						CreatedOnToolsVersion = 15.3;
					};
				};
			};
			buildConfigurationList = 1A6347572BA4D11400234EFC /* Build configuration list for PBXProject "MangaVault" */;
			compatibilityVersion = "Xcode 14.0";
			developmentRegion = en;
			hasScannedForEncodings = 0;
			knownRegions = (
				en,
				Base,
			);
			mainGroup = 1A6347532BA4D11400234EFC;
			productRefGroup = 1A63475D2BA4D11400234EFC /* Products */;
			projectDirPath = "";
			projectRoot = "";
			targets = (
				1A63475B2BA4D11400234EFC /* MangaVault */,
			);
		};
/* End PBXProject section */

/* Begin PBXResourcesBuildPhase section */
		1A63475A2BA4D11400234EFC /* Resources */ = {
			isa = PBXResourcesBuildPhase;
			buildActionMask = 2147483647;
			files = (
				1A6347672BA4D11700234EFC /* Preview Assets.xcassets in Resources */,
				1A6347642BA4D11700234EFC /* Assets.xcassets in Resources */,
			);
			runOnlyForDeploymentPostprocessing = 0;
		};
/* End PBXResourcesBuildPhase section */

/* Begin PBXSourcesBuildPhase section */
		1A6347582BA4D11400234EFC /* Sources */ = {
			isa = PBXSourcesBuildPhase;
			buildActionMask = 2147483647;
			files = (
				1A63478D2BA4DDFD00234EFC /* CustomTextField.swift in Sources */,
				1A63477D2BA4D6F200234EFC /* DateFormatter.swift in Sources */,
				1A63479F2BA7794D00234EFC /* String.swift in Sources */,
				1A6347982BA5AF8000234EFC /* MyCollectionInteractor.swift in Sources */,
				1A63478B2BA4DB3B00234EFC /* RegisterView.swift in Sources */,
				1A6347872BA4DA8E00234EFC /* LoginMainView.swift in Sources */,
				1A6347602BA4D11400234EFC /* MangaVaultApp.swift in Sources */,
				1A6347762BA4D68500234EFC /* URLSession.swift in Sources */,
				1A6347782BA4D6A200234EFC /* NetworkError.swift in Sources */,
				1A63479A2BA76CBD00234EFC /* BiometricManager.swift in Sources */,
				1A6347942BA5A86B00234EFC /* MyCollectionViewModel.swift in Sources */,
				1A6347892BA4DB3300234EFC /* LoginView.swift in Sources */,
				1A6347722BA4D62B00234EFC /* URL.swift in Sources */,
				1A6347912BA4E8C600234EFC /* KeychainManager.swift in Sources */,
				1A6347742BA4D64900234EFC /* URLRequest.swift in Sources */,
				1A63477A2BA4D6C400234EFC /* JSONDecoder.swift in Sources */,
				1A63479C2BA7750800234EFC /* UserModel.swift in Sources */,
				1A6347852BA4D99A00234EFC /* LoginViewModel.swift in Sources */,
				1A6347962BA5A87500234EFC /* MyCollectionView.swift in Sources */,
				1A6347802BA4D7A800234EFC /* LoginInteractor.swift in Sources */,
			);
			runOnlyForDeploymentPostprocessing = 0;
		};
/* End PBXSourcesBuildPhase section */

/* Begin XCBuildConfiguration section */
		1A6347682BA4D11700234EFC /* Debug */ = {
			isa = XCBuildConfiguration;
			buildSettings = {
				ALWAYS_SEARCH_USER_PATHS = NO;
				ASSETCATALOG_COMPILER_GENERATE_SWIFT_ASSET_SYMBOL_EXTENSIONS = YES;
				CLANG_ANALYZER_NONNULL = YES;
				CLANG_ANALYZER_NUMBER_OBJECT_CONVERSION = YES_AGGRESSIVE;
				CLANG_CXX_LANGUAGE_STANDARD = "gnu++20";
				CLANG_ENABLE_MODULES = YES;
				CLANG_ENABLE_OBJC_ARC = YES;
				CLANG_ENABLE_OBJC_WEAK = YES;
				CLANG_WARN_BLOCK_CAPTURE_AUTORELEASING = YES;
				CLANG_WARN_BOOL_CONVERSION = YES;
				CLANG_WARN_COMMA = YES;
				CLANG_WARN_CONSTANT_CONVERSION = YES;
				CLANG_WARN_DEPRECATED_OBJC_IMPLEMENTATIONS = YES;
				CLANG_WARN_DIRECT_OBJC_ISA_USAGE = YES_ERROR;
				CLANG_WARN_DOCUMENTATION_COMMENTS = YES;
				CLANG_WARN_EMPTY_BODY = YES;
				CLANG_WARN_ENUM_CONVERSION = YES;
				CLANG_WARN_INFINITE_RECURSION = YES;
				CLANG_WARN_INT_CONVERSION = YES;
				CLANG_WARN_NON_LITERAL_NULL_CONVERSION = YES;
				CLANG_WARN_OBJC_IMPLICIT_RETAIN_SELF = YES;
				CLANG_WARN_OBJC_LITERAL_CONVERSION = YES;
				CLANG_WARN_OBJC_ROOT_CLASS = YES_ERROR;
				CLANG_WARN_QUOTED_INCLUDE_IN_FRAMEWORK_HEADER = YES;
				CLANG_WARN_RANGE_LOOP_ANALYSIS = YES;
				CLANG_WARN_STRICT_PROTOTYPES = YES;
				CLANG_WARN_SUSPICIOUS_MOVE = YES;
				CLANG_WARN_UNGUARDED_AVAILABILITY = YES_AGGRESSIVE;
				CLANG_WARN_UNREACHABLE_CODE = YES;
				CLANG_WARN__DUPLICATE_METHOD_MATCH = YES;
				COPY_PHASE_STRIP = NO;
				DEBUG_INFORMATION_FORMAT = dwarf;
				ENABLE_STRICT_OBJC_MSGSEND = YES;
				ENABLE_TESTABILITY = YES;
				ENABLE_USER_SCRIPT_SANDBOXING = YES;
				GCC_C_LANGUAGE_STANDARD = gnu17;
				GCC_DYNAMIC_NO_PIC = NO;
				GCC_NO_COMMON_BLOCKS = YES;
				GCC_OPTIMIZATION_LEVEL = 0;
				GCC_PREPROCESSOR_DEFINITIONS = (
					"DEBUG=1",
					"$(inherited)",
				);
				GCC_WARN_64_TO_32_BIT_CONVERSION = YES;
				GCC_WARN_ABOUT_RETURN_TYPE = YES_ERROR;
				GCC_WARN_UNDECLARED_SELECTOR = YES;
				GCC_WARN_UNINITIALIZED_AUTOS = YES_AGGRESSIVE;
				GCC_WARN_UNUSED_FUNCTION = YES;
				GCC_WARN_UNUSED_VARIABLE = YES;
				IPHONEOS_DEPLOYMENT_TARGET = 17.4;
				LOCALIZATION_PREFERS_STRING_CATALOGS = YES;
				MTL_ENABLE_DEBUG_INFO = INCLUDE_SOURCE;
				MTL_FAST_MATH = YES;
				ONLY_ACTIVE_ARCH = YES;
				SDKROOT = iphoneos;
				SWIFT_ACTIVE_COMPILATION_CONDITIONS = "DEBUG $(inherited)";
				SWIFT_OPTIMIZATION_LEVEL = "-Onone";
			};
			name = Debug;
		};
		1A6347692BA4D11700234EFC /* Release */ = {
			isa = XCBuildConfiguration;
			buildSettings = {
				ALWAYS_SEARCH_USER_PATHS = NO;
				ASSETCATALOG_COMPILER_GENERATE_SWIFT_ASSET_SYMBOL_EXTENSIONS = YES;
				CLANG_ANALYZER_NONNULL = YES;
				CLANG_ANALYZER_NUMBER_OBJECT_CONVERSION = YES_AGGRESSIVE;
				CLANG_CXX_LANGUAGE_STANDARD = "gnu++20";
				CLANG_ENABLE_MODULES = YES;
				CLANG_ENABLE_OBJC_ARC = YES;
				CLANG_ENABLE_OBJC_WEAK = YES;
				CLANG_WARN_BLOCK_CAPTURE_AUTORELEASING = YES;
				CLANG_WARN_BOOL_CONVERSION = YES;
				CLANG_WARN_COMMA = YES;
				CLANG_WARN_CONSTANT_CONVERSION = YES;
				CLANG_WARN_DEPRECATED_OBJC_IMPLEMENTATIONS = YES;
				CLANG_WARN_DIRECT_OBJC_ISA_USAGE = YES_ERROR;
				CLANG_WARN_DOCUMENTATION_COMMENTS = YES;
				CLANG_WARN_EMPTY_BODY = YES;
				CLANG_WARN_ENUM_CONVERSION = YES;
				CLANG_WARN_INFINITE_RECURSION = YES;
				CLANG_WARN_INT_CONVERSION = YES;
				CLANG_WARN_NON_LITERAL_NULL_CONVERSION = YES;
				CLANG_WARN_OBJC_IMPLICIT_RETAIN_SELF = YES;
				CLANG_WARN_OBJC_LITERAL_CONVERSION = YES;
				CLANG_WARN_OBJC_ROOT_CLASS = YES_ERROR;
				CLANG_WARN_QUOTED_INCLUDE_IN_FRAMEWORK_HEADER = YES;
				CLANG_WARN_RANGE_LOOP_ANALYSIS = YES;
				CLANG_WARN_STRICT_PROTOTYPES = YES;
				CLANG_WARN_SUSPICIOUS_MOVE = YES;
				CLANG_WARN_UNGUARDED_AVAILABILITY = YES_AGGRESSIVE;
				CLANG_WARN_UNREACHABLE_CODE = YES;
				CLANG_WARN__DUPLICATE_METHOD_MATCH = YES;
				COPY_PHASE_STRIP = NO;
				DEBUG_INFORMATION_FORMAT = "dwarf-with-dsym";
				ENABLE_NS_ASSERTIONS = NO;
				ENABLE_STRICT_OBJC_MSGSEND = YES;
				ENABLE_USER_SCRIPT_SANDBOXING = YES;
				GCC_C_LANGUAGE_STANDARD = gnu17;
				GCC_NO_COMMON_BLOCKS = YES;
				GCC_WARN_64_TO_32_BIT_CONVERSION = YES;
				GCC_WARN_ABOUT_RETURN_TYPE = YES_ERROR;
				GCC_WARN_UNDECLARED_SELECTOR = YES;
				GCC_WARN_UNINITIALIZED_AUTOS = YES_AGGRESSIVE;
				GCC_WARN_UNUSED_FUNCTION = YES;
				GCC_WARN_UNUSED_VARIABLE = YES;
				IPHONEOS_DEPLOYMENT_TARGET = 17.4;
				LOCALIZATION_PREFERS_STRING_CATALOGS = YES;
				MTL_ENABLE_DEBUG_INFO = NO;
				MTL_FAST_MATH = YES;
				SDKROOT = iphoneos;
				SWIFT_COMPILATION_MODE = wholemodule;
				VALIDATE_PRODUCT = YES;
			};
			name = Release;
		};
		1A63476B2BA4D11700234EFC /* Debug */ = {
			isa = XCBuildConfiguration;
			buildSettings = {
				ASSETCATALOG_COMPILER_APPICON_NAME = AppIcon;
				ASSETCATALOG_COMPILER_GLOBAL_ACCENT_COLOR_NAME = AccentColor;
				CODE_SIGN_STYLE = Automatic;
				CURRENT_PROJECT_VERSION = 1;
				DEVELOPMENT_ASSET_PATHS = "\"MangaVault/Preview Content\"";
				DEVELOPMENT_TEAM = 5X587S7WGV;
				ENABLE_PREVIEWS = YES;
				GENERATE_INFOPLIST_FILE = YES;
				INFOPLIST_KEY_NSFaceIDUsageDescription = "Please allows us to use face id for authentication";
				INFOPLIST_KEY_UIApplicationSceneManifest_Generation = YES;
				INFOPLIST_KEY_UIApplicationSupportsIndirectInputEvents = YES;
				INFOPLIST_KEY_UILaunchScreen_Generation = YES;
				INFOPLIST_KEY_UISupportedInterfaceOrientations_iPad = "UIInterfaceOrientationPortrait UIInterfaceOrientationPortraitUpsideDown UIInterfaceOrientationLandscapeLeft UIInterfaceOrientationLandscapeRight";
				INFOPLIST_KEY_UISupportedInterfaceOrientations_iPhone = "UIInterfaceOrientationPortrait UIInterfaceOrientationLandscapeLeft UIInterfaceOrientationLandscapeRight";
				LD_RUNPATH_SEARCH_PATHS = (
					"$(inherited)",
					"@executable_path/Frameworks",
				);
				MARKETING_VERSION = 1.0;
				PRODUCT_BUNDLE_IDENTIFIER = bitoSL.MangaVault;
				PRODUCT_NAME = "$(TARGET_NAME)";
				SWIFT_EMIT_LOC_STRINGS = YES;
				SWIFT_VERSION = 5.0;
				TARGETED_DEVICE_FAMILY = "1,2";
			};
			name = Debug;
		};
		1A63476C2BA4D11700234EFC /* Release */ = {
			isa = XCBuildConfiguration;
			buildSettings = {
				ASSETCATALOG_COMPILER_APPICON_NAME = AppIcon;
				ASSETCATALOG_COMPILER_GLOBAL_ACCENT_COLOR_NAME = AccentColor;
				CODE_SIGN_STYLE = Automatic;
				CURRENT_PROJECT_VERSION = 1;
				DEVELOPMENT_ASSET_PATHS = "\"MangaVault/Preview Content\"";
				DEVELOPMENT_TEAM = 5X587S7WGV;
				ENABLE_PREVIEWS = YES;
				GENERATE_INFOPLIST_FILE = YES;
				INFOPLIST_KEY_NSFaceIDUsageDescription = "Please allows us to use face id for authentication";
				INFOPLIST_KEY_UIApplicationSceneManifest_Generation = YES;
				INFOPLIST_KEY_UIApplicationSupportsIndirectInputEvents = YES;
				INFOPLIST_KEY_UILaunchScreen_Generation = YES;
				INFOPLIST_KEY_UISupportedInterfaceOrientations_iPad = "UIInterfaceOrientationPortrait UIInterfaceOrientationPortraitUpsideDown UIInterfaceOrientationLandscapeLeft UIInterfaceOrientationLandscapeRight";
				INFOPLIST_KEY_UISupportedInterfaceOrientations_iPhone = "UIInterfaceOrientationPortrait UIInterfaceOrientationLandscapeLeft UIInterfaceOrientationLandscapeRight";
				LD_RUNPATH_SEARCH_PATHS = (
					"$(inherited)",
					"@executable_path/Frameworks",
				);
				MARKETING_VERSION = 1.0;
				PRODUCT_BUNDLE_IDENTIFIER = bitoSL.MangaVault;
				PRODUCT_NAME = "$(TARGET_NAME)";
				SWIFT_EMIT_LOC_STRINGS = YES;
				SWIFT_VERSION = 5.0;
				TARGETED_DEVICE_FAMILY = "1,2";
			};
			name = Release;
		};
/* End XCBuildConfiguration section */

/* Begin XCConfigurationList section */
		1A6347572BA4D11400234EFC /* Build configuration list for PBXProject "MangaVault" */ = {
			isa = XCConfigurationList;
			buildConfigurations = (
				1A6347682BA4D11700234EFC /* Debug */,
				1A6347692BA4D11700234EFC /* Release */,
			);
			defaultConfigurationIsVisible = 0;
			defaultConfigurationName = Release;
		};
		1A63476A2BA4D11700234EFC /* Build configuration list for PBXNativeTarget "MangaVault" */ = {
			isa = XCConfigurationList;
			buildConfigurations = (
				1A63476B2BA4D11700234EFC /* Debug */,
				1A63476C2BA4D11700234EFC /* Release */,
			);
			defaultConfigurationIsVisible = 0;
			defaultConfigurationName = Release;
		};
/* End XCConfigurationList section */
	};
	rootObject = 1A6347542BA4D11400234EFC /* Project object */;
}
